{
    "hash": "3e1e3401d00b2a7cde971c2927c3f73c",
    "packages": [
        {
            "name": "spoon/library",
            "version": "1.3.3",
            "source": {
                "type": "git",
                "url": "https://github.com/forkcms/library",
                "reference": "1.3.3"
            },
            "dist": {
                "type": "zip",
                "url": "https://github.com/forkcms/library/archive/1.3.3.zip",
                "reference": "1.3.3",
                "shasum": ""
            },
            "require": {
                "php": ">=5.2.0"
            },
            "time": "2012-11-06 15:45:28",
            "type": "library",
            "installation-source": "dist",
            "notification-url": "https://packagist.org/downloads/",
            "license": [
                "BSD"
            ],
            "authors": [
                {
                    "name": "Davy Hellemans",
                    "role": "Developer"
                }
            ],
            "description": "A PHP5 library that is fast, easy to learn and fun!",
            "homepage": "http://www.spoon-library.com"
        }
    ],
    "packages-dev": null,
    "aliases": [

    ],
    "minimum-stability": "stable",
    "stability-flags": [

    ]
}
