{
    "_readme": [
        "This file locks the dependencies of your project to a known state",
        "Read more about it at http://getcomposer.org/doc/01-basic-usage.md#composer-lock-the-lock-file"
    ],
    "hash": "993af2c4f5983dabeca5b6c849d1fcf9",
    "packages": [
        {
            "name": "flippa-official/errbit-php",
            "version": "dev-master",
            "target-dir": "Flippa/ErrbitPhp",
            "source": {
                "type": "git",
                "url": "https://github.com/flippa/errbit-php.git",
                "reference": "e15eb15ca37963ee7dcc5dae0a70d5420fca85a4"
            },
            "dist": {
                "type": "zip",
                "url": "https://api.github.com/repos/flippa/errbit-php/zipball/e15eb15ca37963ee7dcc5dae0a70d5420fca85a4",
                "reference": "e15eb15ca37963ee7dcc5dae0a70d5420fca85a4",
                "shasum": ""
            },
            "require": {
                "ext-curl": "*",
                "php": ">=5.3.0"
            },
            "type": "library",
            "autoload": {
                "classmap": [
                    "lib/"
                ]
            },
            "notification-url": "https://packagist.org/downloads/",
            "license": [
                "MIT"
            ],
            "description": "Errbit & Airbrake Client for PHP",
            "homepage": "https://github.com/flippa/errbit-php",
            "time": "2013-05-03 07:04:08"
        },
        {
            "name": "monolog/monolog",
            "version": "1.3.1",
            "source": {
                "type": "git",
                "url": "https://github.com/Seldaek/monolog.git",
                "reference": "47eb599b4aad36b66e818ed72ebf939e2fb311be"
            },
            "dist": {
                "type": "zip",
                "url": "https://api.github.com/repos/Seldaek/monolog/zipball/47eb599b4aad36b66e818ed72ebf939e2fb311be",
                "reference": "47eb599b4aad36b66e818ed72ebf939e2fb311be",
                "shasum": ""
            },
            "require": {
                "php": ">=5.3.0",
                "psr/log": "~1.0"
            },
            "require-dev": {
                "doctrine/couchdb": "dev-master",
                "mlehner/gelf-php": "1.0.*",
                "raven/raven": "0.3.*"
            },
            "suggest": {
                "doctrine/couchdb": "Allow sending log messages to a CouchDB server",
                "ext-amqp": "Allow sending log messages to an AMQP server (1.0+ required)",
                "ext-mongo": "Allow sending log messages to a MongoDB server",
                "mlehner/gelf-php": "Allow sending log messages to a GrayLog2 server",
                "raven/raven": "Allow sending log messages to a Sentry server"
            },
            "type": "library",
            "extra": {
                "branch-alias": {
                    "dev-master": "1.3.x-dev"
                }
            },
            "autoload": {
                "psr-0": {
                    "Monolog": "src/"
                }
            },
            "notification-url": "https://packagist.org/downloads/",
            "license": [
                "MIT"
            ],
            "authors": [
                {
                    "name": "Jordi Boggiano",
                    "email": "j.boggiano@seld.be",
                    "homepage": "http://seld.be",
                    "role": "Developer"
                }
            ],
            "description": "Sends your logs to files, sockets, inboxes, databases and various web services",
            "homepage": "http://github.com/Seldaek/monolog",
            "keywords": [
                "log",
                "logging",
                "psr-3"
            ],
            "time": "2013-01-11 10:23:20"
        },
        {
            "name": "psr/log",
            "version": "1.0.0",
            "source": {
                "type": "git",
                "url": "https://github.com/php-fig/log.git",
                "reference": "fe0936ee26643249e916849d48e3a51d5f5e278b"
            },
            "dist": {
                "type": "zip",
                "url": "https://api.github.com/repos/php-fig/log/zipball/fe0936ee26643249e916849d48e3a51d5f5e278b",
                "reference": "fe0936ee26643249e916849d48e3a51d5f5e278b",
                "shasum": ""
            },
            "type": "library",
            "autoload": {
                "psr-0": {
                    "Psr\\Log\\": ""
                }
            },
            "notification-url": "https://packagist.org/downloads/",
            "license": [
                "MIT"
            ],
            "authors": [
                {
                    "name": "PHP-FIG",
                    "homepage": "http://www.php-fig.org/"
                }
            ],
            "description": "Common interface for logging libraries",
            "keywords": [
                "log",
                "psr",
                "psr-3"
            ],
            "time": "2012-12-21 11:40:51"
        },
        {
            "name": "spoon/library",
            "version": "dev-master",
            "source": {
                "type": "git",
                "url": "https://github.com/forkcms/library.git",
                "reference": "9c88f1741632dfd4bd61ace37458ea9dc392dd94"
            },
            "dist": {
                "type": "zip",
                "url": "https://api.github.com/repos/forkcms/library/zipball/9c88f1741632dfd4bd61ace37458ea9dc392dd94",
                "reference": "9c88f1741632dfd4bd61ace37458ea9dc392dd94",
                "shasum": ""
            },
            "require": {
                "php": ">=5.2.0"
            },
            "type": "library",
            "notification-url": "https://packagist.org/downloads/",
            "license": [
                "BSD"
            ],
            "authors": [
                {
                    "name": "Davy Hellemans",
                    "role": "Developer"
                }
            ],
            "description": "A PHP5 library that is fast, easy to learn and fun!",
            "homepage": "http://www.spoon-library.com",
            "time": "2013-11-20 12:38:16"
        },
        {
            "name": "sumocoders/sumo-fork-class",
            "version": "dev-master",
            "target-dir": "SumoCoders/SumoForkClass",
            "source": {
                "type": "git",
                "url": "https://github.com/sumocoders/Sumo-specific-Fork-stuff.git",
                "reference": "bf8a1df7bbf5aaded5d90b85c5499e7dfd5e5e25"
            },
            "dist": {
                "type": "zip",
                "url": "https://api.github.com/repos/sumocoders/Sumo-specific-Fork-stuff/zipball/bf8a1df7bbf5aaded5d90b85c5499e7dfd5e5e25",
                "reference": "bf8a1df7bbf5aaded5d90b85c5499e7dfd5e5e25",
                "shasum": ""
            },
            "require": {
                "flippa-official/errbit-php": "dev-master",
                "php": ">=5.3.0"
            },
            "type": "library",
            "autoload": {
                "psr-0": {
                    "SumoCoders\\SumoForkClass": ""
                }
            },
            "notification-url": "https://packagist.org/downloads/",
            "license": [
                "BSD"
            ],
            "authors": [
                {
                    "name": "Tijs Verkoyen",
                    "email": "tijs@sumocoders.be",
                    "role": "Developer"
                }
            ],
            "description": "Fork is great, but we like to implemented our internal tools into the website we create for our clients",
            "homepage": "https://github.com/sumocoders/Sumo-specific-Fork-stuff",
            "time": "2014-03-15 13:26:12"
        },
        {
            "name": "swiftmailer/swiftmailer",
            "version": "v4.3.0",
            "source": {
                "type": "git",
                "url": "https://github.com/swiftmailer/swiftmailer.git",
                "reference": "a73b60218b75352d8474b52d0a0aa94c0286fa67"
            },
            "dist": {
                "type": "zip",
                "url": "https://api.github.com/repos/swiftmailer/swiftmailer/zipball/a73b60218b75352d8474b52d0a0aa94c0286fa67",
                "reference": "a73b60218b75352d8474b52d0a0aa94c0286fa67",
                "shasum": ""
            },
            "require": {
                "php": ">=5.2.4"
            },
            "type": "library",
            "extra": {
                "branch-alias": {
                    "dev-master": "4.3-dev"
                }
            },
            "autoload": {
                "files": [
                    "lib/swift_required.php"
                ]
            },
            "notification-url": "https://packagist.org/downloads/",
            "license": [
                "LGPL"
            ],
            "authors": [
                {
                    "name": "Fabien Potencier",
                    "email": "fabien@symfony.com",
                    "homepage": "http://fabien.potencier.org",
                    "role": "Lead Developer"
                },
                {
                    "name": "Chris Corbyn"
                }
            ],
            "description": "Swiftmailer, free feature-rich PHP mailer",
            "homepage": "http://swiftmailer.org",
            "keywords": [
                "mail",
                "mailer"
            ],
            "time": "2013-01-08 15:50:34"
        },
        {
            "name": "tijsverkoyen/css-to-inline-styles",
            "version": "dev-master",
            "target-dir": "TijsVerkoyen/CssToInlineStyles",
            "source": {
                "type": "git",
                "url": "https://github.com/tijsverkoyen/CssToInlineStyles.git",
                "reference": "4bf7879cedfed8ac3d66f98a98b68fc557f7c1f7"
            },
            "dist": {
                "type": "zip",
                "url": "https://api.github.com/repos/tijsverkoyen/CssToInlineStyles/zipball/4bf7879cedfed8ac3d66f98a98b68fc557f7c1f7",
                "reference": "4bf7879cedfed8ac3d66f98a98b68fc557f7c1f7",
                "shasum": ""
            },
            "require": {
                "php": ">=5.3.0"
            },
            "type": "library",
            "extra": {
                "branch-alias": {
                    "dev-master": "1.2.x-dev"
                }
            },
            "autoload": {
                "psr-0": {
                    "TijsVerkoyen\\CssToInlineStyles": ""
                }
            },
            "notification-url": "https://packagist.org/downloads/",
            "license": [
                "BSD"
            ],
            "authors": [
                {
                    "name": "Tijs Verkoyen",
                    "email": "css_to_inline_styles@verkoyen.eu",
                    "role": "Developer"
                }
            ],
            "description": "CssToInlineStyles is a class that enables you to convert HTML-pages/files into HTML-pages/files with inline styles. This is very useful when you're sending emails.",
            "homepage": "https://github.com/tijsverkoyen/CssToInlineStyles",
            "time": "2013-06-12 11:47:48"
        }
    ],
    "packages-dev": [

    ],
    "aliases": [

    ],
    "minimum-stability": "stable",
    "stability-flags": {
        "spoon/library": 20,
        "flippa-official/errbit-php": 20,
        "tijsverkoyen/css-to-inline-styles": 20,
        "sumocoders/sumo-fork-class": 20
    },
    "platform": [

    ],
    "platform-dev": [

    ]
}
